// !$*UTF8*$!
{
	archiveVersion = 1;
	classes = {
	};
	objectVersion = 46;
	objects = {

/* Begin PBXBuildFile section */
		D084F04F1DD7469800C228CA /* BQAppDelegate.m in Sources */ = {isa = PBXBuildFile; fileRef = D084F04B1DD7469800C228CA /* BQAppDelegate.m */; };
		D084F0511DD7469800C228CA /* main.m in Sources */ = {isa = PBXBuildFile; fileRef = D084F04E1DD7469800C228CA /* main.m */; };
		D084F06C1DD74DE600C228CA /* NSArray+HOArray.m in Sources */ = {isa = PBXBuildFile; fileRef = D084F0571DD74DE600C228CA /* NSArray+HOArray.m */; };
		D084F06D1DD74DE600C228CA /* NSArray+HOLog.m in Sources */ = {isa = PBXBuildFile; fileRef = D084F0591DD74DE600C228CA /* NSArray+HOLog.m */; };
		D084F06E1DD74DE600C228CA /* NSAttributedString+HOAString.m in Sources */ = {isa = PBXBuildFile; fileRef = D084F05B1DD74DE600C228CA /* NSAttributedString+HOAString.m */; };
		D084F06F1DD74DE600C228CA /* NSObject+HOObject.m in Sources */ = {isa = PBXBuildFile; fileRef = D084F05D1DD74DE600C228CA /* NSObject+HOObject.m */; };
		D084F0701DD74DE600C228CA /* NSString+Path.m in Sources */ = {isa = PBXBuildFile; fileRef = D084F05F1DD74DE600C228CA /* NSString+Path.m */; };
		D084F0711DD74DE600C228CA /* UIButton+HOButton.m in Sources */ = {isa = PBXBuildFile; fileRef = D084F0611DD74DE600C228CA /* UIButton+HOButton.m */; };
		D084F0721DD74DE600C228CA /* UIColor+HOColor.m in Sources */ = {isa = PBXBuildFile; fileRef = D084F0631DD74DE600C228CA /* UIColor+HOColor.m */; };
		D084F0731DD74DE600C228CA /* UILabel+HOLabel.m in Sources */ = {isa = PBXBuildFile; fileRef = D084F0651DD74DE600C228CA /* UILabel+HOLabel.m */; };
		D084F0741DD74DE600C228CA /* UIScreen+HOScreen.m in Sources */ = {isa = PBXBuildFile; fileRef = D084F0671DD74DE600C228CA /* UIScreen+HOScreen.m */; };
		D084F0751DD74DE600C228CA /* UIView+HOSnapShot.m in Sources */ = {isa = PBXBuildFile; fileRef = D084F0691DD74DE600C228CA /* UIView+HOSnapShot.m */; };
		D084F0761DD74DE600C228CA /* UIViewController+HOController.m in Sources */ = {isa = PBXBuildFile; fileRef = D084F06B1DD74DE600C228CA /* UIViewController+HOController.m */; };
		D084F0791DD74E5700C228CA /* NSString+Hash.m in Sources */ = {isa = PBXBuildFile; fileRef = D084F0781DD74E5700C228CA /* NSString+Hash.m */; };
		D09325C81DD732E900D63177 /* Assets.xcassets in Resources */ = {isa = PBXBuildFile; fileRef = D09325C71DD732E900D63177 /* Assets.xcassets */; };
/* End PBXBuildFile section */

/* Begin PBXFileReference section */
		D084F04A1DD7468D00C228CA /* BQAppDelegate.h */ = {isa = PBXFileReference; fileEncoding = 4; lastKnownFileType = sourcecode.c.h; name = BQAppDelegate.h; path = "BeeQuick-Imitation/BQAppDelegate.h"; sourceTree = SOURCE_ROOT; };
		D084F04B1DD7469800C228CA /* BQAppDelegate.m */ = {isa = PBXFileReference; fileEncoding = 4; lastKnownFileType = sourcecode.c.objc; name = BQAppDelegate.m; path = "BeeQuick-Imitation/BQAppDelegate.m"; sourceTree = SOURCE_ROOT; };
		D084F04C1DD7469800C228CA /* BeeQuick-Imitation.entitlements */ = {isa = PBXFileReference; fileEncoding = 4; lastKnownFileType = text.plist.entitlements; name = "BeeQuick-Imitation.entitlements"; path = "BeeQuick-Imitation/BeeQuick-Imitation.entitlements"; sourceTree = SOURCE_ROOT; };
		D084F04D1DD7469800C228CA /* Info.plist */ = {isa = PBXFileReference; fileEncoding = 4; lastKnownFileType = text.plist.xml; name = Info.plist; path = "BeeQuick-Imitation/Info.plist"; sourceTree = SOURCE_ROOT; };
		D084F04E1DD7469800C228CA /* main.m */ = {isa = PBXFileReference; fileEncoding = 4; lastKnownFileType = sourcecode.c.objc; name = main.m; path = "BeeQuick-Imitation/main.m"; sourceTree = SOURCE_ROOT; };
		D084F0521DD7488F00C228CA /* BeeQuick-Prefix.pch */ = {isa = PBXFileReference; lastKnownFileType = sourcecode.c.h; name = "BeeQuick-Prefix.pch"; path = "BeeQuick-Imitation/BeeQuick-Prefix.pch"; sourceTree = SOURCE_ROOT; };
		D084F0551DD74DE600C228CA /* HOCustom.h */ = {isa = PBXFileReference; fileEncoding = 4; lastKnownFileType = sourcecode.c.h; path = HOCustom.h; sourceTree = "<group>"; };
		D084F0561DD74DE600C228CA /* NSArray+HOArray.h */ = {isa = PBXFileReference; fileEncoding = 4; lastKnownFileType = sourcecode.c.h; path = "NSArray+HOArray.h"; sourceTree = "<group>"; };
		D084F0571DD74DE600C228CA /* NSArray+HOArray.m */ = {isa = PBXFileReference; fileEncoding = 4; lastKnownFileType = sourcecode.c.objc; path = "NSArray+HOArray.m"; sourceTree = "<group>"; };
		D084F0581DD74DE600C228CA /* NSArray+HOLog.h */ = {isa = PBXFileReference; fileEncoding = 4; lastKnownFileType = sourcecode.c.h; path = "NSArray+HOLog.h"; sourceTree = "<group>"; };
		D084F0591DD74DE600C228CA /* NSArray+HOLog.m */ = {isa = PBXFileReference; fileEncoding = 4; lastKnownFileType = sourcecode.c.objc; path = "NSArray+HOLog.m"; sourceTree = "<group>"; };
		D084F05A1DD74DE600C228CA /* NSAttributedString+HOAString.h */ = {isa = PBXFileReference; fileEncoding = 4; lastKnownFileType = sourcecode.c.h; path = "NSAttributedString+HOAString.h"; sourceTree = "<group>"; };
		D084F05B1DD74DE600C228CA /* NSAttributedString+HOAString.m */ = {isa = PBXFileReference; fileEncoding = 4; lastKnownFileType = sourcecode.c.objc; path = "NSAttributedString+HOAString.m"; sourceTree = "<group>"; };
		D084F05C1DD74DE600C228CA /* NSObject+HOObject.h */ = {isa = PBXFileReference; fileEncoding = 4; lastKnownFileType = sourcecode.c.h; path = "NSObject+HOObject.h"; sourceTree = "<group>"; };
		D084F05D1DD74DE600C228CA /* NSObject+HOObject.m */ = {isa = PBXFileReference; fileEncoding = 4; lastKnownFileType = sourcecode.c.objc; path = "NSObject+HOObject.m"; sourceTree = "<group>"; };
		D084F05E1DD74DE600C228CA /* NSString+Path.h */ = {isa = PBXFileReference; fileEncoding = 4; lastKnownFileType = sourcecode.c.h; path = "NSString+Path.h"; sourceTree = "<group>"; };
		D084F05F1DD74DE600C228CA /* NSString+Path.m */ = {isa = PBXFileReference; fileEncoding = 4; lastKnownFileType = sourcecode.c.objc; path = "NSString+Path.m"; sourceTree = "<group>"; };
		D084F0601DD74DE600C228CA /* UIButton+HOButton.h */ = {isa = PBXFileReference; fileEncoding = 4; lastKnownFileType = sourcecode.c.h; path = "UIButton+HOButton.h"; sourceTree = "<group>"; };
		D084F0611DD74DE600C228CA /* UIButton+HOButton.m */ = {isa = PBXFileReference; fileEncoding = 4; lastKnownFileType = sourcecode.c.objc; path = "UIButton+HOButton.m"; sourceTree = "<group>"; };
		D084F0621DD74DE600C228CA /* UIColor+HOColor.h */ = {isa = PBXFileReference; fileEncoding = 4; lastKnownFileType = sourcecode.c.h; path = "UIColor+HOColor.h"; sourceTree = "<group>"; };
		D084F0631DD74DE600C228CA /* UIColor+HOColor.m */ = {isa = PBXFileReference; fileEncoding = 4; lastKnownFileType = sourcecode.c.objc; path = "UIColor+HOColor.m"; sourceTree = "<group>"; };
		D084F0641DD74DE600C228CA /* UILabel+HOLabel.h */ = {isa = PBXFileReference; fileEncoding = 4; lastKnownFileType = sourcecode.c.h; path = "UILabel+HOLabel.h"; sourceTree = "<group>"; };
		D084F0651DD74DE600C228CA /* UILabel+HOLabel.m */ = {isa = PBXFileReference; fileEncoding = 4; lastKnownFileType = sourcecode.c.objc; path = "UILabel+HOLabel.m"; sourceTree = "<group>"; };
		D084F0661DD74DE600C228CA /* UIScreen+HOScreen.h */ = {isa = PBXFileReference; fileEncoding = 4; lastKnownFileType = sourcecode.c.h; path = "UIScreen+HOScreen.h"; sourceTree = "<group>"; };
		D084F0671DD74DE600C228CA /* UIScreen+HOScreen.m */ = {isa = PBXFileReference; fileEncoding = 4; lastKnownFileType = sourcecode.c.objc; path = "UIScreen+HOScreen.m"; sourceTree = "<group>"; };
		D084F0681DD74DE600C228CA /* UIView+HOSnapShot.h */ = {isa = PBXFileReference; fileEncoding = 4; lastKnownFileType = sourcecode.c.h; path = "UIView+HOSnapShot.h"; sourceTree = "<group>"; };
		D084F0691DD74DE600C228CA /* UIView+HOSnapShot.m */ = {isa = PBXFileReference; fileEncoding = 4; lastKnownFileType = sourcecode.c.objc; path = "UIView+HOSnapShot.m"; sourceTree = "<group>"; };
		D084F06A1DD74DE600C228CA /* UIViewController+HOController.h */ = {isa = PBXFileReference; fileEncoding = 4; lastKnownFileType = sourcecode.c.h; path = "UIViewController+HOController.h"; sourceTree = "<group>"; };
		D084F06B1DD74DE600C228CA /* UIViewController+HOController.m */ = {isa = PBXFileReference; fileEncoding = 4; lastKnownFileType = sourcecode.c.objc; path = "UIViewController+HOController.m"; sourceTree = "<group>"; };
		D084F0771DD74E5700C228CA /* NSString+Hash.h */ = {isa = PBXFileReference; fileEncoding = 4; lastKnownFileType = sourcecode.c.h; path = "NSString+Hash.h"; sourceTree = "<group>"; };
		D084F0781DD74E5700C228CA /* NSString+Hash.m */ = {isa = PBXFileReference; fileEncoding = 4; lastKnownFileType = sourcecode.c.objc; path = "NSString+Hash.m"; sourceTree = "<group>"; };
		D09325C71DD732E900D63177 /* Assets.xcassets */ = {isa = PBXFileReference; lastKnownFileType = folder.assetcatalog; path = Assets.xcassets; sourceTree = "<group>"; };
		D0B382C71DD72EA900FA7E7A /* BeeQuick-Imitation.app */ = {isa = PBXFileReference; explicitFileType = wrapper.application; includeInIndex = 0; path = "BeeQuick-Imitation.app"; sourceTree = BUILT_PRODUCTS_DIR; };
/* End PBXFileReference section */

/* Begin PBXFrameworksBuildPhase section */
		D0B382C41DD72EA900FA7E7A /* Frameworks */ = {
			isa = PBXFrameworksBuildPhase;
			buildActionMask = 2147483647;
			files = (
			);
			runOnlyForDeploymentPostprocessing = 0;
		};
/* End PBXFrameworksBuildPhase section */

/* Begin PBXGroup section */
		D010CEB41DD7413F00BCCF89 /* Classes */ = {
			isa = PBXGroup;
			children = (
				D010CEC71DD7413F00BCCF89 /* NewFeatures */,
				D010CEBF1DD7413F00BCCF89 /* LoginPage */,
				D010CEBA1DD7413F00BCCF89 /* HomePage */,
				D010CEB61DD7413F00BCCF89 /* FlashMarket */,
				D010CECB1DD7413F00BCCF89 /* Trolley */,
				D010CEC31DD7413F00BCCF89 /* Mine */,
				D010CEB51DD7413F00BCCF89 /* Base */,
				D010CECF1DD7413F00BCCF89 /* Utilities */,
				D010CEBE1DD7413F00BCCF89 /* Libs */,
			);
			path = Classes;
			sourceTree = "<group>";
		};
		D010CEB51DD7413F00BCCF89 /* Base */ = {
			isa = PBXGroup;
			children = (
			);
			path = Base;
			sourceTree = "<group>";
		};
		D010CEB61DD7413F00BCCF89 /* FlashMarket */ = {
			isa = PBXGroup;
			children = (
				D010CEB71DD7413F00BCCF89 /* Controllers */,
				D010CEB81DD7413F00BCCF89 /* Models */,
				D010CEB91DD7413F00BCCF89 /* Views */,
			);
			path = FlashMarket;
			sourceTree = "<group>";
		};
		D010CEB71DD7413F00BCCF89 /* Controllers */ = {
			isa = PBXGroup;
			children = (
			);
			path = Controllers;
			sourceTree = "<group>";
		};
		D010CEB81DD7413F00BCCF89 /* Models */ = {
			isa = PBXGroup;
			children = (
			);
			path = Models;
			sourceTree = "<group>";
		};
		D010CEB91DD7413F00BCCF89 /* Views */ = {
			isa = PBXGroup;
			children = (
			);
			path = Views;
			sourceTree = "<group>";
		};
		D010CEBA1DD7413F00BCCF89 /* HomePage */ = {
			isa = PBXGroup;
			children = (
				D010CEBB1DD7413F00BCCF89 /* Controllers */,
				D010CEBC1DD7413F00BCCF89 /* Models */,
				D010CEBD1DD7413F00BCCF89 /* Views */,
			);
			path = HomePage;
			sourceTree = "<group>";
		};
		D010CEBB1DD7413F00BCCF89 /* Controllers */ = {
			isa = PBXGroup;
			children = (
			);
			path = Controllers;
			sourceTree = "<group>";
		};
		D010CEBC1DD7413F00BCCF89 /* Models */ = {
			isa = PBXGroup;
			children = (
			);
			path = Models;
			sourceTree = "<group>";
		};
		D010CEBD1DD7413F00BCCF89 /* Views */ = {
			isa = PBXGroup;
			children = (
			);
			path = Views;
			sourceTree = "<group>";
		};
		D010CEBE1DD7413F00BCCF89 /* Libs */ = {
			isa = PBXGroup;
			children = (
				D084F0541DD74DE600C228CA /* HOCustom */,
			);
			path = Libs;
			sourceTree = "<group>";
		};
		D010CEBF1DD7413F00BCCF89 /* LoginPage */ = {
			isa = PBXGroup;
			children = (
				D010CEC01DD7413F00BCCF89 /* Controllers */,
				D010CEC11DD7413F00BCCF89 /* Models */,
				D010CEC21DD7413F00BCCF89 /* Views */,
			);
			path = LoginPage;
			sourceTree = "<group>";
		};
		D010CEC01DD7413F00BCCF89 /* Controllers */ = {
			isa = PBXGroup;
			children = (
			);
			path = Controllers;
			sourceTree = "<group>";
		};
		D010CEC11DD7413F00BCCF89 /* Models */ = {
			isa = PBXGroup;
			children = (
			);
			path = Models;
			sourceTree = "<group>";
		};
		D010CEC21DD7413F00BCCF89 /* Views */ = {
			isa = PBXGroup;
			children = (
			);
			path = Views;
			sourceTree = "<group>";
		};
		D010CEC31DD7413F00BCCF89 /* Mine */ = {
			isa = PBXGroup;
			children = (
				D010CEC41DD7413F00BCCF89 /* Controllers */,
				D010CEC51DD7413F00BCCF89 /* Models */,
				D010CEC61DD7413F00BCCF89 /* Views */,
			);
			path = Mine;
			sourceTree = "<group>";
		};
		D010CEC41DD7413F00BCCF89 /* Controllers */ = {
			isa = PBXGroup;
			children = (
			);
			path = Controllers;
			sourceTree = "<group>";
		};
		D010CEC51DD7413F00BCCF89 /* Models */ = {
			isa = PBXGroup;
			children = (
			);
			path = Models;
			sourceTree = "<group>";
		};
		D010CEC61DD7413F00BCCF89 /* Views */ = {
			isa = PBXGroup;
			children = (
			);
			path = Views;
			sourceTree = "<group>";
		};
		D010CEC71DD7413F00BCCF89 /* NewFeatures */ = {
			isa = PBXGroup;
			children = (
				D010CEC81DD7413F00BCCF89 /* Controllers */,
				D010CEC91DD7413F00BCCF89 /* Models */,
				D010CECA1DD7413F00BCCF89 /* Views */,
			);
			path = NewFeatures;
			sourceTree = "<group>";
		};
		D010CEC81DD7413F00BCCF89 /* Controllers */ = {
			isa = PBXGroup;
			children = (
			);
			path = Controllers;
			sourceTree = "<group>";
		};
		D010CEC91DD7413F00BCCF89 /* Models */ = {
			isa = PBXGroup;
			children = (
			);
			path = Models;
			sourceTree = "<group>";
		};
		D010CECA1DD7413F00BCCF89 /* Views */ = {
			isa = PBXGroup;
			children = (
			);
			path = Views;
			sourceTree = "<group>";
		};
		D010CECB1DD7413F00BCCF89 /* Trolley */ = {
			isa = PBXGroup;
			children = (
				D010CECC1DD7413F00BCCF89 /* Controllers */,
				D010CECD1DD7413F00BCCF89 /* Models */,
				D010CECE1DD7413F00BCCF89 /* Views */,
			);
			path = Trolley;
			sourceTree = "<group>";
		};
		D010CECC1DD7413F00BCCF89 /* Controllers */ = {
			isa = PBXGroup;
			children = (
			);
			path = Controllers;
			sourceTree = "<group>";
		};
		D010CECD1DD7413F00BCCF89 /* Models */ = {
			isa = PBXGroup;
			children = (
			);
			path = Models;
			sourceTree = "<group>";
		};
		D010CECE1DD7413F00BCCF89 /* Views */ = {
			isa = PBXGroup;
			children = (
			);
			path = Views;
			sourceTree = "<group>";
		};
		D010CECF1DD7413F00BCCF89 /* Utilities */ = {
			isa = PBXGroup;
			children = (
			);
			path = Utilities;
			sourceTree = "<group>";
		};
		D010CED01DD7414800BCCF89 /* Supporting Files */ = {
			isa = PBXGroup;
			children = (
				D084F04A1DD7468D00C228CA /* BQAppDelegate.h */,
				D084F04B1DD7469800C228CA /* BQAppDelegate.m */,
				D084F04D1DD7469800C228CA /* Info.plist */,
				D084F04E1DD7469800C228CA /* main.m */,
				D084F04C1DD7469800C228CA /* BeeQuick-Imitation.entitlements */,
				D084F0521DD7488F00C228CA /* BeeQuick-Prefix.pch */,
			);
			path = "Supporting Files";
			sourceTree = "<group>";
		};
		D084F0541DD74DE600C228CA /* HOCustom */ = {
			isa = PBXGroup;
			children = (
				D084F0551DD74DE600C228CA /* HOCustom.h */,
				D084F0561DD74DE600C228CA /* NSArray+HOArray.h */,
				D084F0571DD74DE600C228CA /* NSArray+HOArray.m */,
				D084F0581DD74DE600C228CA /* NSArray+HOLog.h */,
				D084F0591DD74DE600C228CA /* NSArray+HOLog.m */,
				D084F05A1DD74DE600C228CA /* NSAttributedString+HOAString.h */,
				D084F05B1DD74DE600C228CA /* NSAttributedString+HOAString.m */,
				D084F05C1DD74DE600C228CA /* NSObject+HOObject.h */,
				D084F05D1DD74DE600C228CA /* NSObject+HOObject.m */,
				D084F05E1DD74DE600C228CA /* NSString+Path.h */,
				D084F05F1DD74DE600C228CA /* NSString+Path.m */,
				D084F0601DD74DE600C228CA /* UIButton+HOButton.h */,
				D084F0611DD74DE600C228CA /* UIButton+HOButton.m */,
				D084F0621DD74DE600C228CA /* UIColor+HOColor.h */,
				D084F0631DD74DE600C228CA /* UIColor+HOColor.m */,
				D084F0641DD74DE600C228CA /* UILabel+HOLabel.h */,
				D084F0651DD74DE600C228CA /* UILabel+HOLabel.m */,
				D084F0771DD74E5700C228CA /* NSString+Hash.h */,
				D084F0781DD74E5700C228CA /* NSString+Hash.m */,
				D084F0661DD74DE600C228CA /* UIScreen+HOScreen.h */,
				D084F0671DD74DE600C228CA /* UIScreen+HOScreen.m */,
				D084F0681DD74DE600C228CA /* UIView+HOSnapShot.h */,
				D084F0691DD74DE600C228CA /* UIView+HOSnapShot.m */,
				D084F06A1DD74DE600C228CA /* UIViewController+HOController.h */,
				D084F06B1DD74DE600C228CA /* UIViewController+HOController.m */,
			);
			path = HOCustom;
			sourceTree = "<group>";
		};
		D0B382BE1DD72EA900FA7E7A = {
			isa = PBXGroup;
			children = (
				D0B382C91DD72EA900FA7E7A /* BeeQuick-Imitation */,
				D0B382C81DD72EA900FA7E7A /* Products */,
			);
			sourceTree = "<group>";
		};
		D0B382C81DD72EA900FA7E7A /* Products */ = {
			isa = PBXGroup;
			children = (
				D0B382C71DD72EA900FA7E7A /* BeeQuick-Imitation.app */,
			);
			name = Products;
			sourceTree = "<group>";
		};
		D0B382C91DD72EA900FA7E7A /* BeeQuick-Imitation */ = {
			isa = PBXGroup;
			children = (
				D010CEB41DD7413F00BCCF89 /* Classes */,
				D09325C71DD732E900D63177 /* Assets.xcassets */,
				D010CED01DD7414800BCCF89 /* Supporting Files */,
			);
			path = "BeeQuick-Imitation";
			sourceTree = "<group>";
		};
/* End PBXGroup section */

/* Begin PBXNativeTarget section */
		D0B382C61DD72EA900FA7E7A /* BeeQuick-Imitation */ = {
			isa = PBXNativeTarget;
			buildConfigurationList = D0B382DE1DD72EA900FA7E7A /* Build configuration list for PBXNativeTarget "BeeQuick-Imitation" */;
			buildPhases = (
				D0B382C31DD72EA900FA7E7A /* Sources */,
				D0B382C41DD72EA900FA7E7A /* Frameworks */,
				D0B382C51DD72EA900FA7E7A /* Resources */,
			);
			buildRules = (
			);
			dependencies = (
			);
			name = "BeeQuick-Imitation";
			productName = "BeeQuick-Imitation";
			productReference = D0B382C71DD72EA900FA7E7A /* BeeQuick-Imitation.app */;
			productType = "com.apple.product-type.application";
		};
/* End PBXNativeTarget section */

/* Begin PBXProject section */
		D0B382BF1DD72EA900FA7E7A /* Project object */ = {
			isa = PBXProject;
			attributes = {
				CLASSPREFIX = BQ;
				LastUpgradeCheck = 0810;
				ORGANIZATIONNAME = Phoenix;
				TargetAttributes = {
					D0B382C61DD72EA900FA7E7A = {
						CreatedOnToolsVersion = 8.1;
						DevelopmentTeam = HU7XTQSZ6Z;
						ProvisioningStyle = Automatic;
						SystemCapabilities = {
							com.apple.Keychain = {
								enabled = 1;
							};
						};
					};
				};
			};
			buildConfigurationList = D0B382C21DD72EA900FA7E7A /* Build configuration list for PBXProject "BeeQuick-Imitation" */;
			compatibilityVersion = "Xcode 3.2";
			developmentRegion = English;
			hasScannedForEncodings = 0;
			knownRegions = (
				en,
				Base,
			);
			mainGroup = D0B382BE1DD72EA900FA7E7A;
			productRefGroup = D0B382C81DD72EA900FA7E7A /* Products */;
			projectDirPath = "";
			projectRoot = "";
			targets = (
				D0B382C61DD72EA900FA7E7A /* BeeQuick-Imitation */,
			);
		};
/* End PBXProject section */

/* Begin PBXResourcesBuildPhase section */
		D0B382C51DD72EA900FA7E7A /* Resources */ = {
			isa = PBXResourcesBuildPhase;
			buildActionMask = 2147483647;
			files = (
				D09325C81DD732E900D63177 /* Assets.xcassets in Resources */,
			);
			runOnlyForDeploymentPostprocessing = 0;
		};
/* End PBXResourcesBuildPhase section */

/* Begin PBXSourcesBuildPhase section */
		D0B382C31DD72EA900FA7E7A /* Sources */ = {
			isa = PBXSourcesBuildPhase;
			buildActionMask = 2147483647;
			files = (
				D084F0701DD74DE600C228CA /* NSString+Path.m in Sources */,
				D084F06C1DD74DE600C228CA /* NSArray+HOArray.m in Sources */,
				D084F06F1DD74DE600C228CA /* NSObject+HOObject.m in Sources */,
				D084F0511DD7469800C228CA /* main.m in Sources */,
				D084F0741DD74DE600C228CA /* UIScreen+HOScreen.m in Sources */,
				D084F0721DD74DE600C228CA /* UIColor+HOColor.m in Sources */,
				D084F0761DD74DE600C228CA /* UIViewController+HOController.m in Sources */,
				D084F0791DD74E5700C228CA /* NSString+Hash.m in Sources */,
				D084F06D1DD74DE600C228CA /* NSArray+HOLog.m in Sources */,
				D084F04F1DD7469800C228CA /* BQAppDelegate.m in Sources */,
				D084F0711DD74DE600C228CA /* UIButton+HOButton.m in Sources */,
				D084F0751DD74DE600C228CA /* UIView+HOSnapShot.m in Sources */,
				D084F0731DD74DE600C228CA /* UILabel+HOLabel.m in Sources */,
				D084F06E1DD74DE600C228CA /* NSAttributedString+HOAString.m in Sources */,
			);
			runOnlyForDeploymentPostprocessing = 0;
		};
/* End PBXSourcesBuildPhase section */

/* Begin XCBuildConfiguration section */
		D0B382DC1DD72EA900FA7E7A /* Debug */ = {
			isa = XCBuildConfiguration;
			buildSettings = {
				ALWAYS_SEARCH_USER_PATHS = NO;
				CLANG_ANALYZER_NONNULL = YES;
				CLANG_CXX_LANGUAGE_STANDARD = "gnu++0x";
				CLANG_CXX_LIBRARY = "libc++";
				CLANG_ENABLE_MODULES = YES;
				CLANG_ENABLE_OBJC_ARC = YES;
				CLANG_WARN_BOOL_CONVERSION = YES;
				CLANG_WARN_CONSTANT_CONVERSION = YES;
				CLANG_WARN_DIRECT_OBJC_ISA_USAGE = YES_ERROR;
				CLANG_WARN_DOCUMENTATION_COMMENTS = YES;
				CLANG_WARN_EMPTY_BODY = YES;
				CLANG_WARN_ENUM_CONVERSION = YES;
				CLANG_WARN_INFINITE_RECURSION = YES;
				CLANG_WARN_INT_CONVERSION = YES;
				CLANG_WARN_OBJC_ROOT_CLASS = YES_ERROR;
				CLANG_WARN_SUSPICIOUS_MOVES = YES;
				CLANG_WARN_UNREACHABLE_CODE = YES;
				CLANG_WARN__DUPLICATE_METHOD_MATCH = YES;
				"CODE_SIGN_IDENTITY[sdk=iphoneos*]" = "iPhone Developer";
				COPY_PHASE_STRIP = NO;
				DEBUG_INFORMATION_FORMAT = dwarf;
				ENABLE_STRICT_OBJC_MSGSEND = YES;
				ENABLE_TESTABILITY = YES;
				GCC_C_LANGUAGE_STANDARD = gnu99;
				GCC_DYNAMIC_NO_PIC = NO;
				GCC_NO_COMMON_BLOCKS = YES;
				GCC_OPTIMIZATION_LEVEL = 0;
				GCC_PREPROCESSOR_DEFINITIONS = (
					"DEBUG=1",
					"$(inherited)",
				);
				GCC_WARN_64_TO_32_BIT_CONVERSION = YES;
				GCC_WARN_ABOUT_RETURN_TYPE = YES_ERROR;
				GCC_WARN_UNDECLARED_SELECTOR = YES;
				GCC_WARN_UNINITIALIZED_AUTOS = YES_AGGRESSIVE;
				GCC_WARN_UNUSED_FUNCTION = YES;
				GCC_WARN_UNUSED_VARIABLE = YES;
				IPHONEOS_DEPLOYMENT_TARGET = 10.1;
				MTL_ENABLE_DEBUG_INFO = YES;
				ONLY_ACTIVE_ARCH = YES;
				SDKROOT = iphoneos;
			};
			name = Debug;
		};
		D0B382DD1DD72EA900FA7E7A /* Release */ = {
			isa = XCBuildConfiguration;
			buildSettings = {
				ALWAYS_SEARCH_USER_PATHS = NO;
				CLANG_ANALYZER_NONNULL = YES;
				CLANG_CXX_LANGUAGE_STANDARD = "gnu++0x";
				CLANG_CXX_LIBRARY = "libc++";
				CLANG_ENABLE_MODULES = YES;
				CLANG_ENABLE_OBJC_ARC = YES;
				CLANG_WARN_BOOL_CONVERSION = YES;
				CLANG_WARN_CONSTANT_CONVERSION = YES;
				CLANG_WARN_DIRECT_OBJC_ISA_USAGE = YES_ERROR;
				CLANG_WARN_DOCUMENTATION_COMMENTS = YES;
				CLANG_WARN_EMPTY_BODY = YES;
				CLANG_WARN_ENUM_CONVERSION = YES;
				CLANG_WARN_INFINITE_RECURSION = YES;
				CLANG_WARN_INT_CONVERSION = YES;
				CLANG_WARN_OBJC_ROOT_CLASS = YES_ERROR;
				CLANG_WARN_SUSPICIOUS_MOVES = YES;
				CLANG_WARN_UNREACHABLE_CODE = YES;
				CLANG_WARN__DUPLICATE_METHOD_MATCH = YES;
				"CODE_SIGN_IDENTITY[sdk=iphoneos*]" = "iPhone Developer";
				COPY_PHASE_STRIP = NO;
				DEBUG_INFORMATION_FORMAT = "dwarf-with-dsym";
				ENABLE_NS_ASSERTIONS = NO;
				ENABLE_STRICT_OBJC_MSGSEND = YES;
				GCC_C_LANGUAGE_STANDARD = gnu99;
				GCC_NO_COMMON_BLOCKS = YES;
				GCC_WARN_64_TO_32_BIT_CONVERSION = YES;
				GCC_WARN_ABOUT_RETURN_TYPE = YES_ERROR;
				GCC_WARN_UNDECLARED_SELECTOR = YES;
				GCC_WARN_UNINITIALIZED_AUTOS = YES_AGGRESSIVE;
				GCC_WARN_UNUSED_FUNCTION = YES;
				GCC_WARN_UNUSED_VARIABLE = YES;
				IPHONEOS_DEPLOYMENT_TARGET = 10.1;
				MTL_ENABLE_DEBUG_INFO = NO;
				SDKROOT = iphoneos;
				VALIDATE_PRODUCT = YES;
			};
			name = Release;
		};
		D0B382DF1DD72EA900FA7E7A /* Debug */ = {
			isa = XCBuildConfiguration;
			buildSettings = {
				ASSETCATALOG_COMPILER_APPICON_NAME = AppIcon;
				ASSETCATALOG_COMPILER_LAUNCHIMAGE_NAME = LaunchImage;
				CODE_SIGN_ENTITLEMENTS = "BeeQuick-Imitation/BeeQuick-Imitation.entitlements";
				DEVELOPMENT_TEAM = HU7XTQSZ6Z;
				INFOPLIST_FILE = "BeeQuick-Imitation/Info.plist";
				IPHONEOS_DEPLOYMENT_TARGET = 9.0;
				LD_RUNPATH_SEARCH_PATHS = "$(inherited) @executable_path/Frameworks";
				PRODUCT_BUNDLE_IDENTIFIER = "com.holaux.BeeQuick-Imitation";
				PRODUCT_NAME = "$(TARGET_NAME)";
			};
			name = Debug;
		};
		D0B382E01DD72EA900FA7E7A /* Release */ = {
			isa = XCBuildConfiguration;
			buildSettings = {
				ASSETCATALOG_COMPILER_APPICON_NAME = AppIcon;
				ASSETCATALOG_COMPILER_LAUNCHIMAGE_NAME = LaunchImage;
				CODE_SIGN_ENTITLEMENTS = "BeeQuick-Imitation/BeeQuick-Imitation.entitlements";
				DEVELOPMENT_TEAM = HU7XTQSZ6Z;
				INFOPLIST_FILE = "BeeQuick-Imitation/Info.plist";
				IPHONEOS_DEPLOYMENT_TARGET = 9.0;
				LD_RUNPATH_SEARCH_PATHS = "$(inherited) @executable_path/Frameworks";
				PRODUCT_BUNDLE_IDENTIFIER = "com.holaux.BeeQuick-Imitation";
				PRODUCT_NAME = "$(TARGET_NAME)";
			};
			name = Release;
		};
/* End XCBuildConfiguration section */

/* Begin XCConfigurationList section */
		D0B382C21DD72EA900FA7E7A /* Build configuration list for PBXProject "BeeQuick-Imitation" */ = {
			isa = XCConfigurationList;
			buildConfigurations = (
				D0B382DC1DD72EA900FA7E7A /* Debug */,
				D0B382DD1DD72EA900FA7E7A /* Release */,
			);
			defaultConfigurationIsVisible = 0;
			defaultConfigurationName = Release;
		};
		D0B382DE1DD72EA900FA7E7A /* Build configuration list for PBXNativeTarget "BeeQuick-Imitation" */ = {
			isa = XCConfigurationList;
			buildConfigurations = (
				D0B382DF1DD72EA900FA7E7A /* Debug */,
				D0B382E01DD72EA900FA7E7A /* Release */,
			);
			defaultConfigurationIsVisible = 0;
			defaultConfigurationName = Release;
		};
/* End XCConfigurationList section */
	};
	rootObject = D0B382BF1DD72EA900FA7E7A /* Project object */;
}
